// !$*UTF8*$!
{
	archiveVersion = 1;
	classes = {
	};
	objectVersion = 46;
	objects = {

/* Begin PBXBuildFile section */
		AB1141DB186BC7FA0005FA36 /* Foundation.framework in Frameworks */ = {isa = PBXBuildFile; fileRef = AB1141DA186BC7FA0005FA36 /* Foundation.framework */; };
		AB1141DD186BC7FA0005FA36 /* CoreGraphics.framework in Frameworks */ = {isa = PBXBuildFile; fileRef = AB1141DC186BC7FA0005FA36 /* CoreGraphics.framework */; };
		AB1141DF186BC7FA0005FA36 /* UIKit.framework in Frameworks */ = {isa = PBXBuildFile; fileRef = AB1141DE186BC7FA0005FA36 /* UIKit.framework */; };
		AB1141E5186BC7FA0005FA36 /* InfoPlist.strings in Resources */ = {isa = PBXBuildFile; fileRef = AB1141E3186BC7FA0005FA36 /* InfoPlist.strings */; };
		AB1141E7186BC7FA0005FA36 /* main.m in Sources */ = {isa = PBXBuildFile; fileRef = AB1141E6186BC7FA0005FA36 /* main.m */; };
		AB1141EB186BC7FA0005FA36 /* AppDelegate.m in Sources */ = {isa = PBXBuildFile; fileRef = AB1141EA186BC7FA0005FA36 /* AppDelegate.m */; };
		AB1141EE186BC7FA0005FA36 /* Main_iPhone.storyboard in Resources */ = {isa = PBXBuildFile; fileRef = AB1141EC186BC7FA0005FA36 /* Main_iPhone.storyboard */; };
		AB1141F1186BC7FA0005FA36 /* Main_iPad.storyboard in Resources */ = {isa = PBXBuildFile; fileRef = AB1141EF186BC7FA0005FA36 /* Main_iPad.storyboard */; };
		AB1141F4186BC7FA0005FA36 /* ViewController.m in Sources */ = {isa = PBXBuildFile; fileRef = AB1141F3186BC7FA0005FA36 /* ViewController.m */; };
		AB1141F6186BC7FA0005FA36 /* Images.xcassets in Resources */ = {isa = PBXBuildFile; fileRef = AB1141F5186BC7FA0005FA36 /* Images.xcassets */; };
		AB1141FD186BC7FA0005FA36 /* XCTest.framework in Frameworks */ = {isa = PBXBuildFile; fileRef = AB1141FC186BC7FA0005FA36 /* XCTest.framework */; };
		AB1141FE186BC7FA0005FA36 /* Foundation.framework in Frameworks */ = {isa = PBXBuildFile; fileRef = AB1141DA186BC7FA0005FA36 /* Foundation.framework */; };
		AB1141FF186BC7FA0005FA36 /* UIKit.framework in Frameworks */ = {isa = PBXBuildFile; fileRef = AB1141DE186BC7FA0005FA36 /* UIKit.framework */; };
		AB114207186BC7FA0005FA36 /* InfoPlist.strings in Resources */ = {isa = PBXBuildFile; fileRef = AB114205186BC7FA0005FA36 /* InfoPlist.strings */; };
		AB114209186BC7FA0005FA36 /* XHFaceRecognizerSDKSimpleTests.m in Sources */ = {isa = PBXBuildFile; fileRef = AB114208186BC7FA0005FA36 /* XHFaceRecognizerSDKSimpleTests.m */; };
		AB114213186BC8900005FA36 /* XHFaceRecognizerFramework.framework in Frameworks */ = {isa = PBXBuildFile; fileRef = AB114212186BC8900005FA36 /* XHFaceRecognizerFramework.framework */; };
		AB114215186BC8E80005FA36 /* IMG_1404.JPG in Resources */ = {isa = PBXBuildFile; fileRef = AB114214186BC8E80005FA36 /* IMG_1404.JPG */; };
/* End PBXBuildFile section */

/* Begin PBXContainerItemProxy section */
		AB114200186BC7FA0005FA36 /* PBXContainerItemProxy */ = {
			isa = PBXContainerItemProxy;
			containerPortal = AB1141CF186BC7FA0005FA36 /* Project object */;
			proxyType = 1;
			remoteGlobalIDString = AB1141D6186BC7FA0005FA36;
			remoteInfo = XHFaceRecognizerSDKSimple;
		};
/* End PBXContainerItemProxy section */

/* Begin PBXFileReference section */
		AB1141D7186BC7FA0005FA36 /* XHFaceRecognizerSDKSimple.app */ = {isa = PBXFileReference; explicitFileType = wrapper.application; includeInIndex = 0; path = XHFaceRecognizerSDKSimple.app; sourceTree = BUILT_PRODUCTS_DIR; };
		AB1141DA186BC7FA0005FA36 /* Foundation.framework */ = {isa = PBXFileReference; lastKnownFileType = wrapper.framework; name = Foundation.framework; path = System/Library/Frameworks/Foundation.framework; sourceTree = SDKROOT; };
		AB1141DC186BC7FA0005FA36 /* CoreGraphics.framework */ = {isa = PBXFileReference; lastKnownFileType = wrapper.framework; name = CoreGraphics.framework; path = System/Library/Frameworks/CoreGraphics.framework; sourceTree = SDKROOT; };
		AB1141DE186BC7FA0005FA36 /* UIKit.framework */ = {isa = PBXFileReference; lastKnownFileType = wrapper.framework; name = UIKit.framework; path = System/Library/Frameworks/UIKit.framework; sourceTree = SDKROOT; };
		AB1141E2186BC7FA0005FA36 /* XHFaceRecognizerSDKSimple-Info.plist */ = {isa = PBXFileReference; lastKnownFileType = text.plist.xml; path = "XHFaceRecognizerSDKSimple-Info.plist"; sourceTree = "<group>"; };
		AB1141E4186BC7FA0005FA36 /* en */ = {isa = PBXFileReference; lastKnownFileType = text.plist.strings; name = en; path = en.lproj/InfoPlist.strings; sourceTree = "<group>"; };
		AB1141E6186BC7FA0005FA36 /* main.m */ = {isa = PBXFileReference; lastKnownFileType = sourcecode.c.objc; path = main.m; sourceTree = "<group>"; };
		AB1141E8186BC7FA0005FA36 /* XHFaceRecognizerSDKSimple-Prefix.pch */ = {isa = PBXFileReference; lastKnownFileType = sourcecode.c.h; path = "XHFaceRecognizerSDKSimple-Prefix.pch"; sourceTree = "<group>"; };
		AB1141E9186BC7FA0005FA36 /* AppDelegate.h */ = {isa = PBXFileReference; lastKnownFileType = sourcecode.c.h; path = AppDelegate.h; sourceTree = "<group>"; };
		AB1141EA186BC7FA0005FA36 /* AppDelegate.m */ = {isa = PBXFileReference; lastKnownFileType = sourcecode.c.objc; path = AppDelegate.m; sourceTree = "<group>"; };
		AB1141ED186BC7FA0005FA36 /* Base */ = {isa = PBXFileReference; lastKnownFileType = file.storyboard; name = Base; path = Base.lproj/Main_iPhone.storyboard; sourceTree = "<group>"; };
		AB1141F0186BC7FA0005FA36 /* Base */ = {isa = PBXFileReference; lastKnownFileType = file.storyboard; name = Base; path = Base.lproj/Main_iPad.storyboard; sourceTree = "<group>"; };
		AB1141F2186BC7FA0005FA36 /* ViewController.h */ = {isa = PBXFileReference; lastKnownFileType = sourcecode.c.h; path = ViewController.h; sourceTree = "<group>"; };
		AB1141F3186BC7FA0005FA36 /* ViewController.m */ = {isa = PBXFileReference; lastKnownFileType = sourcecode.c.objc; path = ViewController.m; sourceTree = "<group>"; };
		AB1141F5186BC7FA0005FA36 /* Images.xcassets */ = {isa = PBXFileReference; lastKnownFileType = folder.assetcatalog; path = Images.xcassets; sourceTree = "<group>"; };
		AB1141FB186BC7FA0005FA36 /* XHFaceRecognizerSDKSimpleTests.xctest */ = {isa = PBXFileReference; explicitFileType = wrapper.cfbundle; includeInIndex = 0; path = XHFaceRecognizerSDKSimpleTests.xctest; sourceTree = BUILT_PRODUCTS_DIR; };
		AB1141FC186BC7FA0005FA36 /* XCTest.framework */ = {isa = PBXFileReference; lastKnownFileType = wrapper.framework; name = XCTest.framework; path = Library/Frameworks/XCTest.framework; sourceTree = DEVELOPER_DIR; };
		AB114204186BC7FA0005FA36 /* XHFaceRecognizerSDKSimpleTests-Info.plist */ = {isa = PBXFileReference; lastKnownFileType = text.plist.xml; path = "XHFaceRecognizerSDKSimpleTests-Info.plist"; sourceTree = "<group>"; };
		AB114206186BC7FA0005FA36 /* en */ = {isa = PBXFileReference; lastKnownFileType = text.plist.strings; name = en; path = en.lproj/InfoPlist.strings; sourceTree = "<group>"; };
		AB114208186BC7FA0005FA36 /* XHFaceRecognizerSDKSimpleTests.m */ = {isa = PBXFileReference; lastKnownFileType = sourcecode.c.objc; path = XHFaceRecognizerSDKSimpleTests.m; sourceTree = "<group>"; };
		AB114212186BC8900005FA36 /* XHFaceRecognizerFramework.framework */ = {isa = PBXFileReference; lastKnownFileType = wrapper.framework; path = XHFaceRecognizerFramework.framework; sourceTree = "<group>"; };
		AB114214186BC8E80005FA36 /* IMG_1404.JPG */ = {isa = PBXFileReference; lastKnownFileType = image.jpeg; path = IMG_1404.JPG; sourceTree = "<group>"; };
/* End PBXFileReference section */

/* Begin PBXFrameworksBuildPhase section */
		AB1141D4186BC7FA0005FA36 /* Frameworks */ = {
			isa = PBXFrameworksBuildPhase;
			buildActionMask = 2147483647;
			files = (
				AB114213186BC8900005FA36 /* XHFaceRecognizerFramework.framework in Frameworks */,
				AB1141DD186BC7FA0005FA36 /* CoreGraphics.framework in Frameworks */,
				AB1141DF186BC7FA0005FA36 /* UIKit.framework in Frameworks */,
				AB1141DB186BC7FA0005FA36 /* Foundation.framework in Frameworks */,
			);
			runOnlyForDeploymentPostprocessing = 0;
		};
		AB1141F8186BC7FA0005FA36 /* Frameworks */ = {
			isa = PBXFrameworksBuildPhase;
			buildActionMask = 2147483647;
			files = (
				AB1141FD186BC7FA0005FA36 /* XCTest.framework in Frameworks */,
				AB1141FF186BC7FA0005FA36 /* UIKit.framework in Frameworks */,
				AB1141FE186BC7FA0005FA36 /* Foundation.framework in Frameworks */,
			);
			runOnlyForDeploymentPostprocessing = 0;
		};
/* End PBXFrameworksBuildPhase section */

/* Begin PBXGroup section */
		AB1141CE186BC7FA0005FA36 = {
			isa = PBXGroup;
			children = (
				AB1141E0186BC7FA0005FA36 /* XHFaceRecognizerSDKSimple */,
				AB114202186BC7FA0005FA36 /* XHFaceRecognizerSDKSimpleTests */,
				AB1141D9186BC7FA0005FA36 /* Frameworks */,
				AB1141D8186BC7FA0005FA36 /* Products */,
			);
			sourceTree = "<group>";
		};
		AB1141D8186BC7FA0005FA36 /* Products */ = {
			isa = PBXGroup;
			children = (
				AB1141D7186BC7FA0005FA36 /* XHFaceRecognizerSDKSimple.app */,
				AB1141FB186BC7FA0005FA36 /* XHFaceRecognizerSDKSimpleTests.xctest */,
			);
			name = Products;
			sourceTree = "<group>";
		};
		AB1141D9186BC7FA0005FA36 /* Frameworks */ = {
			isa = PBXGroup;
			children = (
				AB1141DA186BC7FA0005FA36 /* Foundation.framework */,
				AB1141DC186BC7FA0005FA36 /* CoreGraphics.framework */,
				AB1141DE186BC7FA0005FA36 /* UIKit.framework */,
				AB1141FC186BC7FA0005FA36 /* XCTest.framework */,
			);
			name = Frameworks;
			sourceTree = "<group>";
		};
		AB1141E0186BC7FA0005FA36 /* XHFaceRecognizerSDKSimple */ = {
			isa = PBXGroup;
			children = (
				AB114212186BC8900005FA36 /* XHFaceRecognizerFramework.framework */,
				AB1141E9186BC7FA0005FA36 /* AppDelegate.h */,
				AB1141EA186BC7FA0005FA36 /* AppDelegate.m */,
				AB1141EC186BC7FA0005FA36 /* Main_iPhone.storyboard */,
				AB1141EF186BC7FA0005FA36 /* Main_iPad.storyboard */,
				AB1141F2186BC7FA0005FA36 /* ViewController.h */,
				AB1141F3186BC7FA0005FA36 /* ViewController.m */,
				AB1141F5186BC7FA0005FA36 /* Images.xcassets */,
				AB1141E1186BC7FA0005FA36 /* Supporting Files */,
			);
			path = XHFaceRecognizerSDKSimple;
			sourceTree = "<group>";
		};
		AB1141E1186BC7FA0005FA36 /* Supporting Files */ = {
			isa = PBXGroup;
			children = (
				AB114214186BC8E80005FA36 /* IMG_1404.JPG */,
				AB1141E2186BC7FA0005FA36 /* XHFaceRecognizerSDKSimple-Info.plist */,
				AB1141E3186BC7FA0005FA36 /* InfoPlist.strings */,
				AB1141E6186BC7FA0005FA36 /* main.m */,
				AB1141E8186BC7FA0005FA36 /* XHFaceRecognizerSDKSimple-Prefix.pch */,
			);
			name = "Supporting Files";
			sourceTree = "<group>";
		};
		AB114202186BC7FA0005FA36 /* XHFaceRecognizerSDKSimpleTests */ = {
			isa = PBXGroup;
			children = (
				AB114208186BC7FA0005FA36 /* XHFaceRecognizerSDKSimpleTests.m */,
				AB114203186BC7FA0005FA36 /* Supporting Files */,
			);
			path = XHFaceRecognizerSDKSimpleTests;
			sourceTree = "<group>";
		};
		AB114203186BC7FA0005FA36 /* Supporting Files */ = {
			isa = PBXGroup;
			children = (
				AB114204186BC7FA0005FA36 /* XHFaceRecognizerSDKSimpleTests-Info.plist */,
				AB114205186BC7FA0005FA36 /* InfoPlist.strings */,
			);
			name = "Supporting Files";
			sourceTree = "<group>";
		};
/* End PBXGroup section */

/* Begin PBXNativeTarget section */
		AB1141D6186BC7FA0005FA36 /* XHFaceRecognizerSDKSimple */ = {
			isa = PBXNativeTarget;
			buildConfigurationList = AB11420C186BC7FA0005FA36 /* Build configuration list for PBXNativeTarget "XHFaceRecognizerSDKSimple" */;
			buildPhases = (
				AB1141D3186BC7FA0005FA36 /* Sources */,
				AB1141D4186BC7FA0005FA36 /* Frameworks */,
				AB1141D5186BC7FA0005FA36 /* Resources */,
			);
			buildRules = (
			);
			dependencies = (
			);
			name = XHFaceRecognizerSDKSimple;
			productName = XHFaceRecognizerSDKSimple;
			productReference = AB1141D7186BC7FA0005FA36 /* XHFaceRecognizerSDKSimple.app */;
			productType = "com.apple.product-type.application";
		};
		AB1141FA186BC7FA0005FA36 /* XHFaceRecognizerSDKSimpleTests */ = {
			isa = PBXNativeTarget;
			buildConfigurationList = AB11420F186BC7FA0005FA36 /* Build configuration list for PBXNativeTarget "XHFaceRecognizerSDKSimpleTests" */;
			buildPhases = (
				AB1141F7186BC7FA0005FA36 /* Sources */,
				AB1141F8186BC7FA0005FA36 /* Frameworks */,
				AB1141F9186BC7FA0005FA36 /* Resources */,
			);
			buildRules = (
			);
			dependencies = (
				AB114201186BC7FA0005FA36 /* PBXTargetDependency */,
			);
			name = XHFaceRecognizerSDKSimpleTests;
			productName = XHFaceRecognizerSDKSimpleTests;
			productReference = AB1141FB186BC7FA0005FA36 /* XHFaceRecognizerSDKSimpleTests.xctest */;
			productType = "com.apple.product-type.bundle.unit-test";
		};
/* End PBXNativeTarget section */

/* Begin PBXProject section */
		AB1141CF186BC7FA0005FA36 /* Project object */ = {
			isa = PBXProject;
			attributes = {
				LastUpgradeCheck = 0500;
				ORGANIZATIONNAME = "曾宪华 开发团队(http://iyilunba.com ) 本人QQ:543413507";
				TargetAttributes = {
					AB1141FA186BC7FA0005FA36 = {
						TestTargetID = AB1141D6186BC7FA0005FA36;
					};
				};
			};
			buildConfigurationList = AB1141D2186BC7FA0005FA36 /* Build configuration list for PBXProject "XHFaceRecognizerSDKSimple" */;
			compatibilityVersion = "Xcode 3.2";
			developmentRegion = English;
			hasScannedForEncodings = 0;
			knownRegions = (
				en,
				Base,
			);
			mainGroup = AB1141CE186BC7FA0005FA36;
			productRefGroup = AB1141D8186BC7FA0005FA36 /* Products */;
			projectDirPath = "";
			projectRoot = "";
			targets = (
				AB1141D6186BC7FA0005FA36 /* XHFaceRecognizerSDKSimple */,
				AB1141FA186BC7FA0005FA36 /* XHFaceRecognizerSDKSimpleTests */,
			);
		};
/* End PBXProject section */

/* Begin PBXResourcesBuildPhase section */
		AB1141D5186BC7FA0005FA36 /* Resources */ = {
			isa = PBXResourcesBuildPhase;
			buildActionMask = 2147483647;
			files = (
				AB1141F1186BC7FA0005FA36 /* Main_iPad.storyboard in Resources */,
				AB1141F6186BC7FA0005FA36 /* Images.xcassets in Resources */,
				AB1141EE186BC7FA0005FA36 /* Main_iPhone.storyboard in Resources */,
				AB114215186BC8E80005FA36 /* IMG_1404.JPG in Resources */,
				AB1141E5186BC7FA0005FA36 /* InfoPlist.strings in Resources */,
			);
			runOnlyForDeploymentPostprocessing = 0;
		};
		AB1141F9186BC7FA0005FA36 /* Resources */ = {
			isa = PBXResourcesBuildPhase;
			buildActionMask = 2147483647;
			files = (
				AB114207186BC7FA0005FA36 /* InfoPlist.strings in Resources */,
			);
			runOnlyForDeploymentPostprocessing = 0;
		};
/* End PBXResourcesBuildPhase section */

/* Begin PBXSourcesBuildPhase section */
		AB1141D3186BC7FA0005FA36 /* Sources */ = {
			isa = PBXSourcesBuildPhase;
			buildActionMask = 2147483647;
			files = (
				AB1141F4186BC7FA0005FA36 /* ViewController.m in Sources */,
				AB1141EB186BC7FA0005FA36 /* AppDelegate.m in Sources */,
				AB1141E7186BC7FA0005FA36 /* main.m in Sources */,
			);
			runOnlyForDeploymentPostprocessing = 0;
		};
		AB1141F7186BC7FA0005FA36 /* Sources */ = {
			isa = PBXSourcesBuildPhase;
			buildActionMask = 2147483647;
			files = (
				AB114209186BC7FA0005FA36 /* XHFaceRecognizerSDKSimpleTests.m in Sources */,
			);
			runOnlyForDeploymentPostprocessing = 0;
		};
/* End PBXSourcesBuildPhase section */

/* Begin PBXTargetDependency section */
		AB114201186BC7FA0005FA36 /* PBXTargetDependency */ = {
			isa = PBXTargetDependency;
			target = AB1141D6186BC7FA0005FA36 /* XHFaceRecognizerSDKSimple */;
			targetProxy = AB114200186BC7FA0005FA36 /* PBXContainerItemProxy */;
		};
/* End PBXTargetDependency section */

/* Begin PBXVariantGroup section */
		AB1141E3186BC7FA0005FA36 /* InfoPlist.strings */ = {
			isa = PBXVariantGroup;
			children = (
				AB1141E4186BC7FA0005FA36 /* en */,
			);
			name = InfoPlist.strings;
			sourceTree = "<group>";
		};
		AB1141EC186BC7FA0005FA36 /* Main_iPhone.storyboard */ = {
			isa = PBXVariantGroup;
			children = (
				AB1141ED186BC7FA0005FA36 /* Base */,
			);
			name = Main_iPhone.storyboard;
			sourceTree = "<group>";
		};
		AB1141EF186BC7FA0005FA36 /* Main_iPad.storyboard */ = {
			isa = PBXVariantGroup;
			children = (
				AB1141F0186BC7FA0005FA36 /* Base */,
			);
			name = Main_iPad.storyboard;
			sourceTree = "<group>";
		};
		AB114205186BC7FA0005FA36 /* InfoPlist.strings */ = {
			isa = PBXVariantGroup;
			children = (
				AB114206186BC7FA0005FA36 /* en */,
			);
			name = InfoPlist.strings;
			sourceTree = "<group>";
		};
/* End PBXVariantGroup section */

/* Begin XCBuildConfiguration section */
		AB11420A186BC7FA0005FA36 /* Debug */ = {
			isa = XCBuildConfiguration;
			buildSettings = {
				ALWAYS_SEARCH_USER_PATHS = NO;
				ARCHS = "$(ARCHS_STANDARD_INCLUDING_64_BIT)";
				CLANG_CXX_LANGUAGE_STANDARD = "gnu++0x";
				CLANG_CXX_LIBRARY = "libc++";
				CLANG_ENABLE_MODULES = YES;
				CLANG_ENABLE_OBJC_ARC = YES;
				CLANG_WARN_BOOL_CONVERSION = YES;
				CLANG_WARN_CONSTANT_CONVERSION = YES;
				CLANG_WARN_DIRECT_OBJC_ISA_USAGE = YES_ERROR;
				CLANG_WARN_EMPTY_BODY = YES;
				CLANG_WARN_ENUM_CONVERSION = YES;
				CLANG_WARN_INT_CONVERSION = YES;
				CLANG_WARN_OBJC_ROOT_CLASS = YES_ERROR;
				CLANG_WARN__DUPLICATE_METHOD_MATCH = YES;
				"CODE_SIGN_IDENTITY[sdk=iphoneos*]" = "iPhone Developer";
				COPY_PHASE_STRIP = NO;
				GCC_C_LANGUAGE_STANDARD = gnu99;
				GCC_DYNAMIC_NO_PIC = NO;
				GCC_OPTIMIZATION_LEVEL = 0;
				GCC_PREPROCESSOR_DEFINITIONS = (
					"DEBUG=1",
					"$(inherited)",
				);
				GCC_SYMBOLS_PRIVATE_EXTERN = NO;
				GCC_WARN_64_TO_32_BIT_CONVERSION = YES;
				GCC_WARN_ABOUT_RETURN_TYPE = YES_ERROR;
				GCC_WARN_UNDECLARED_SELECTOR = YES;
				GCC_WARN_UNINITIALIZED_AUTOS = YES;
				GCC_WARN_UNUSED_FUNCTION = YES;
				GCC_WARN_UNUSED_VARIABLE = YES;
				IPHONEOS_DEPLOYMENT_TARGET = 7.0;
				ONLY_ACTIVE_ARCH = YES;
				SDKROOT = iphoneos;
				TARGETED_DEVICE_FAMILY = "1,2";
			};
			name = Debug;
		};
		AB11420B186BC7FA0005FA36 /* Release */ = {
			isa = XCBuildConfiguration;
			buildSettings = {
				ALWAYS_SEARCH_USER_PATHS = NO;
				ARCHS = "$(ARCHS_STANDARD_INCLUDING_64_BIT)";
				CLANG_CXX_LANGUAGE_STANDARD = "gnu++0x";
				CLANG_CXX_LIBRARY = "libc++";
				CLANG_ENABLE_MODULES = YES;
				CLANG_ENABLE_OBJC_ARC = YES;
				CLANG_WARN_BOOL_CONVERSION = YES;
				CLANG_WARN_CONSTANT_CONVERSION = YES;
				CLANG_WARN_DIRECT_OBJC_ISA_USAGE = YES_ERROR;
				CLANG_WARN_EMPTY_BODY = YES;
				CLANG_WARN_ENUM_CONVERSION = YES;
				CLANG_WARN_INT_CONVERSION = YES;
				CLANG_WARN_OBJC_ROOT_CLASS = YES_ERROR;
				CLANG_WARN__DUPLICATE_METHOD_MATCH = YES;
				"CODE_SIGN_IDENTITY[sdk=iphoneos*]" = "iPhone Developer";
				COPY_PHASE_STRIP = YES;
				ENABLE_NS_ASSERTIONS = NO;
				GCC_C_LANGUAGE_STANDARD = gnu99;
				GCC_WARN_64_TO_32_BIT_CONVERSION = YES;
				GCC_WARN_ABOUT_RETURN_TYPE = YES_ERROR;
				GCC_WARN_UNDECLARED_SELECTOR = YES;
				GCC_WARN_UNINITIALIZED_AUTOS = YES;
				GCC_WARN_UNUSED_FUNCTION = YES;
				GCC_WARN_UNUSED_VARIABLE = YES;
				IPHONEOS_DEPLOYMENT_TARGET = 7.0;
				SDKROOT = iphoneos;
				TARGETED_DEVICE_FAMILY = "1,2";
				VALIDATE_PRODUCT = YES;
			};
			name = Release;
		};
		AB11420D186BC7FA0005FA36 /* Debug */ = {
			isa = XCBuildConfiguration;
			buildSettings = {
				ASSETCATALOG_COMPILER_APPICON_NAME = AppIcon;
				ASSETCATALOG_COMPILER_LAUNCHIMAGE_NAME = LaunchImage;
				FRAMEWORK_SEARCH_PATHS = (
					"$(inherited)",
					/Users/JackMacbook/JackTeamDeveloper/XHFaceRecognizerSDKSimple/XHFaceRecognizerSDKSimple,
				);
				GCC_PRECOMPILE_PREFIX_HEADER = YES;
				GCC_PREFIX_HEADER = "XHFaceRecognizerSDKSimple/XHFaceRecognizerSDKSimple-Prefix.pch";
				INFOPLIST_FILE = "XHFaceRecognizerSDKSimple/XHFaceRecognizerSDKSimple-Info.plist";
				PRODUCT_NAME = "$(TARGET_NAME)";
				WRAPPER_EXTENSION = app;
			};
			name = Debug;
		};
		AB11420E186BC7FA0005FA36 /* Release */ = {
			isa = XCBuildConfiguration;
			buildSettings = {
				ASSETCATALOG_COMPILER_APPICON_NAME = AppIcon;
				ASSETCATALOG_COMPILER_LAUNCHIMAGE_NAME = LaunchImage;
				FRAMEWORK_SEARCH_PATHS = (
					"$(inherited)",
					/Users/JackMacbook/JackTeamDeveloper/XHFaceRecognizerSDKSimple/XHFaceRecognizerSDKSimple,
				);
				GCC_PRECOMPILE_PREFIX_HEADER = YES;
				GCC_PREFIX_HEADER = "XHFaceRecognizerSDKSimple/XHFaceRecognizerSDKSimple-Prefix.pch";
				INFOPLIST_FILE = "XHFaceRecognizerSDKSimple/XHFaceRecognizerSDKSimple-Info.plist";
				PRODUCT_NAME = "$(TARGET_NAME)";
				WRAPPER_EXTENSION = app;
			};
			name = Release;
		};
		AB114210186BC7FA0005FA36 /* Debug */ = {
			isa = XCBuildConfiguration;
			buildSettings = {
				ARCHS = "$(ARCHS_STANDARD_INCLUDING_64_BIT)";
				BUNDLE_LOADER = "$(BUILT_PRODUCTS_DIR)/XHFaceRecognizerSDKSimple.app/XHFaceRecognizerSDKSimple";
				FRAMEWORK_SEARCH_PATHS = (
					"$(SDKROOT)/Developer/Library/Frameworks",
					"$(inherited)",
					"$(DEVELOPER_FRAMEWORKS_DIR)",
				);
				GCC_PRECOMPILE_PREFIX_HEADER = YES;
				GCC_PREFIX_HEADER = "XHFaceRecognizerSDKSimple/XHFaceRecognizerSDKSimple-Prefix.pch";
				GCC_PREPROCESSOR_DEFINITIONS = (
					"DEBUG=1",
					"$(inherited)",
				);
				INFOPLIST_FILE = "XHFaceRecognizerSDKSimpleTests/XHFaceRecognizerSDKSimpleTests-Info.plist";
				PRODUCT_NAME = "$(TARGET_NAME)";
				TEST_HOST = "$(BUNDLE_LOADER)";
				WRAPPER_EXTENSION = xctest;
			};
			name = Debug;
		};
		AB114211186BC7FA0005FA36 /* Release */ = {
			isa = XCBuildConfiguration;
			buildSettings = {
				ARCHS = "$(ARCHS_STANDARD_INCLUDING_64_BIT)";
				BUNDLE_LOADER = "$(BUILT_PRODUCTS_DIR)/XHFaceRecognizerSDKSimple.app/XHFaceRecognizerSDKSimple";
				FRAMEWORK_SEARCH_PATHS = (
					"$(SDKROOT)/Developer/Library/Frameworks",
					"$(inherited)",
					"$(DEVELOPER_FRAMEWORKS_DIR)",
				);
				GCC_PRECOMPILE_PREFIX_HEADER = YES;
				GCC_PREFIX_HEADER = "XHFaceRecognizerSDKSimple/XHFaceRecognizerSDKSimple-Prefix.pch";
				INFOPLIST_FILE = "XHFaceRecognizerSDKSimpleTests/XHFaceRecognizerSDKSimpleTests-Info.plist";
				PRODUCT_NAME = "$(TARGET_NAME)";
				TEST_HOST = "$(BUNDLE_LOADER)";
				WRAPPER_EXTENSION = xctest;
			};
			name = Release;
		};
/* End XCBuildConfiguration section */

/* Begin XCConfigurationList section */
		AB1141D2186BC7FA0005FA36 /* Build configuration list for PBXProject "XHFaceRecognizerSDKSimple" */ = {
			isa = XCConfigurationList;
			buildConfigurations = (
				AB11420A186BC7FA0005FA36 /* Debug */,
				AB11420B186BC7FA0005FA36 /* Release */,
			);
			defaultConfigurationIsVisible = 0;
			defaultConfigurationName = Release;
		};
		AB11420C186BC7FA0005FA36 /* Build configuration list for PBXNativeTarget "XHFaceRecognizerSDKSimple" */ = {
			isa = XCConfigurationList;
			buildConfigurations = (
				AB11420D186BC7FA0005FA36 /* Debug */,
				AB11420E186BC7FA0005FA36 /* Release */,
			);
			defaultConfigurationIsVisible = 0;
			defaultConfigurationName = Release;
		};
		AB11420F186BC7FA0005FA36 /* Build configuration list for PBXNativeTarget "XHFaceRecognizerSDKSimpleTests" */ = {
			isa = XCConfigurationList;
			buildConfigurations = (
				AB114210186BC7FA0005FA36 /* Debug */,
				AB114211186BC7FA0005FA36 /* Release */,
			);
			defaultConfigurationIsVisible = 0;
			defaultConfigurationName = Release;
		};
/* End XCConfigurationList section */
	};
	rootObject = AB1141CF186BC7FA0005FA36 /* Project object */;
}
